
Microsoft Visual Studio Solution File, Format Version 11.00
# Visual Studio 2010
Project("{F184B08F-C81C-45F6-A57F-5ABD9991F28F}") = "Page234No4", "Page234No4\Page234No4.vbproj", "{C909F43B-0F6F-445E-98D6-7CF1B3B47A07}"
EndProject
Global
	GlobalSection(SolutionConfigurationPlatforms) = preSolution
		Debug|x86 = Debug|x86
		Release|x86 = Release|x86
	EndGlobalSection
	GlobalSection(ProjectConfigurationPlatforms) = postSolution
		{C909F43B-0F6F-445E-98D6-7CF1B3B47A07}.Debug|x86.ActiveCfg = Debug|x86
		{C909F43B-0F6F-445E-98D6-7CF1B3B47A07}.Debug|x86.Build.0 = Debug|x86
		{C909F43B-0F6F-445E-98D6-7CF1B3B47A07}.Release|x86.ActiveCfg = Release|x86
		{C909F43B-0F6F-445E-98D6-7CF1B3B47A07}.Release|x86.Build.0 = Release|x86
	EndGlobalSection
	GlobalSection(SolutionProperties) = preSolution
		HideSolutionNode = FALSE
	EndGlobalSection
EndGlobal
